
Microsoft Visual Studio Solution File, Format Version 12.00
# Visual Studio 2012
Project("{FAE04EC0-301F-11D3-BF4B-00C04F79EFBC}") = "Letterbox.Common", "Letterbox.Common\Letterbox.Common.csproj", "{A1654235-D8A5-4F40-B372-16BCA417566F}"
EndProject
Project("{FAE04EC0-301F-11D3-BF4B-00C04F79EFBC}") = "Letterbox.Receiver", "Letterbox.Receiver\Letterbox.Receiver.csproj", "{3BA3CBE6-58A2-4A06-88F3-324280E5972E}"
EndProject
Global
	GlobalSection(SolutionConfigurationPlatforms) = preSolution
		Debug|Any CPU = Debug|Any CPU
		Release|Any CPU = Release|Any CPU
	EndGlobalSection
	GlobalSection(ProjectConfigurationPlatforms) = postSolution
		{A1654235-D8A5-4F40-B372-16BCA417566F}.Debug|Any CPU.ActiveCfg = Debug|Any CPU
		{A1654235-D8A5-4F40-B372-16BCA417566F}.Debug|Any CPU.Build.0 = Debug|Any CPU
		{A1654235-D8A5-4F40-B372-16BCA417566F}.Release|Any CPU.ActiveCfg = Release|Any CPU
		{A1654235-D8A5-4F40-B372-16BCA417566F}.Release|Any CPU.Build.0 = Release|Any CPU
		{3BA3CBE6-58A2-4A06-88F3-324280E5972E}.Debug|Any CPU.ActiveCfg = Debug|Any CPU
		{3BA3CBE6-58A2-4A06-88F3-324280E5972E}.Debug|Any CPU.Build.0 = Debug|Any CPU
		{3BA3CBE6-58A2-4A06-88F3-324280E5972E}.Release|Any CPU.ActiveCfg = Release|Any CPU
		{3BA3CBE6-58A2-4A06-88F3-324280E5972E}.Release|Any CPU.Build.0 = Release|Any CPU
	EndGlobalSection
	GlobalSection(SolutionProperties) = preSolution
		HideSolutionNode = FALSE
	EndGlobalSection
EndGlobal
